// !$*UTF8*$!
{
	archiveVersion = 1;
	classes = {
	};
	objectVersion = 55;
	objects = {

/* Begin PBXBuildFile section */
		5B338CEF2750D22F00E4EF97 /* Dicey_SwiftUIApp.swift in Sources */ = {isa = PBXBuildFile; fileRef = 5B338CEE2750D22F00E4EF97 /* Dicey_SwiftUIApp.swift */; };
		5B338CF12750D22F00E4EF97 /* ContentView.swift in Sources */ = {isa = PBXBuildFile; fileRef = 5B338CF02750D22F00E4EF97 /* ContentView.swift */; };
		5B338CF32750D23000E4EF97 /* Assets.xcassets in Resources */ = {isa = PBXBuildFile; fileRef = 5B338CF22750D23000E4EF97 /* Assets.xcassets */; };
		5B338CF62750D23000E4EF97 /* Preview Assets.xcassets in Resources */ = {isa = PBXBuildFile; fileRef = 5B338CF52750D23000E4EF97 /* Preview Assets.xcassets */; };
		5B338D002750D23000E4EF97 /* Dicey_SwiftUITests.swift in Sources */ = {isa = PBXBuildFile; fileRef = 5B338CFF2750D23000E4EF97 /* Dicey_SwiftUITests.swift */; };
		5B338D0A2750D23000E4EF97 /* Dicey_SwiftUIUITests.swift in Sources */ = {isa = PBXBuildFile; fileRef = 5B338D092750D23000E4EF97 /* Dicey_SwiftUIUITests.swift */; };
		5B338D0C2750D23000E4EF97 /* Dicey_SwiftUIUITestsLaunchTests.swift in Sources */ = {isa = PBXBuildFile; fileRef = 5B338D0B2750D23000E4EF97 /* Dicey_SwiftUIUITestsLaunchTests.swift */; };
/* End PBXBuildFile section */

/* Begin PBXContainerItemProxy section */
		5B338CFC2750D23000E4EF97 /* PBXContainerItemProxy */ = {
			isa = PBXContainerItemProxy;
			containerPortal = 5B338CE32750D22F00E4EF97 /* Project object */;
			proxyType = 1;
			remoteGlobalIDString = 5B338CEA2750D22F00E4EF97;
			remoteInfo = "Dicey-SwiftUI";
		};
		5B338D062750D23000E4EF97 /* PBXContainerItemProxy */ = {
			isa = PBXContainerItemProxy;
			containerPortal = 5B338CE32750D22F00E4EF97 /* Project object */;
			proxyType = 1;
			remoteGlobalIDString = 5B338CEA2750D22F00E4EF97;
			remoteInfo = "Dicey-SwiftUI";
		};
/* End PBXContainerItemProxy section */

/* Begin PBXFileReference section */
		5B338CEB2750D22F00E4EF97 /* Dicey-SwiftUI.app */ = {isa = PBXFileReference; explicitFileType = wrapper.application; includeInIndex = 0; path = "Dicey-SwiftUI.app"; sourceTree = BUILT_PRODUCTS_DIR; };
		5B338CEE2750D22F00E4EF97 /* Dicey_SwiftUIApp.swift */ = {isa = PBXFileReference; lastKnownFileType = sourcecode.swift; path = Dicey_SwiftUIApp.swift; sourceTree = "<group>"; };
		5B338CF02750D22F00E4EF97 /* ContentView.swift */ = {isa = PBXFileReference; lastKnownFileType = sourcecode.swift; path = ContentView.swift; sourceTree = "<group>"; };
		5B338CF22750D23000E4EF97 /* Assets.xcassets */ = {isa = PBXFileReference; lastKnownFileType = folder.assetcatalog; path = Assets.xcassets; sourceTree = "<group>"; };
		5B338CF52750D23000E4EF97 /* Preview Assets.xcassets */ = {isa = PBXFileReference; lastKnownFileType = folder.assetcatalog; path = "Preview Assets.xcassets"; sourceTree = "<group>"; };
		5B338CFB2750D23000E4EF97 /* Dicey-SwiftUITests.xctest */ = {isa = PBXFileReference; explicitFileType = wrapper.cfbundle; includeInIndex = 0; path = "Dicey-SwiftUITests.xctest"; sourceTree = BUILT_PRODUCTS_DIR; };
		5B338CFF2750D23000E4EF97 /* Dicey_SwiftUITests.swift */ = {isa = PBXFileReference; lastKnownFileType = sourcecode.swift; path = Dicey_SwiftUITests.swift; sourceTree = "<group>"; };
		5B338D052750D23000E4EF97 /* Dicey-SwiftUIUITests.xctest */ = {isa = PBXFileReference; explicitFileType = wrapper.cfbundle; includeInIndex = 0; path = "Dicey-SwiftUIUITests.xctest"; sourceTree = BUILT_PRODUCTS_DIR; };
		5B338D092750D23000E4EF97 /* Dicey_SwiftUIUITests.swift */ = {isa = PBXFileReference; lastKnownFileType = sourcecode.swift; path = Dicey_SwiftUIUITests.swift; sourceTree = "<group>"; };
		5B338D0B2750D23000E4EF97 /* Dicey_SwiftUIUITestsLaunchTests.swift */ = {isa = PBXFileReference; lastKnownFileType = sourcecode.swift; path = Dicey_SwiftUIUITestsLaunchTests.swift; sourceTree = "<group>"; };
/* End PBXFileReference section */

/* Begin PBXFrameworksBuildPhase section */
		5B338CE82750D22F00E4EF97 /* Frameworks */ = {
			isa = PBXFrameworksBuildPhase;
			buildActionMask = 2147483647;
			files = (
			);
			runOnlyForDeploymentPostprocessing = 0;
		};
		5B338CF82750D23000E4EF97 /* Frameworks */ = {
			isa = PBXFrameworksBuildPhase;
			buildActionMask = 2147483647;
			files = (
			);
			runOnlyForDeploymentPostprocessing = 0;
		};
		5B338D022750D23000E4EF97 /* Frameworks */ = {
			isa = PBXFrameworksBuildPhase;
			buildActionMask = 2147483647;
			files = (
			);
			runOnlyForDeploymentPostprocessing = 0;
		};
/* End PBXFrameworksBuildPhase section */

/* Begin PBXGroup section */
		5B338CE22750D22F00E4EF97 = {
			isa = PBXGroup;
			children = (
				5B338CED2750D22F00E4EF97 /* Dicey-SwiftUI */,
				5B338CFE2750D23000E4EF97 /* Dicey-SwiftUITests */,
				5B338D082750D23000E4EF97 /* Dicey-SwiftUIUITests */,
				5B338CEC2750D22F00E4EF97 /* Products */,
			);
			sourceTree = "<group>";
		};
		5B338CEC2750D22F00E4EF97 /* Products */ = {
			isa = PBXGroup;
			children = (
				5B338CEB2750D22F00E4EF97 /* Dicey-SwiftUI.app */,
				5B338CFB2750D23000E4EF97 /* Dicey-SwiftUITests.xctest */,
				5B338D052750D23000E4EF97 /* Dicey-SwiftUIUITests.xctest */,
			);
			name = Products;
			sourceTree = "<group>";
		};
		5B338CED2750D22F00E4EF97 /* Dicey-SwiftUI */ = {
			isa = PBXGroup;
			children = (
				5B338CEE2750D22F00E4EF97 /* Dicey_SwiftUIApp.swift */,
				5B338CF02750D22F00E4EF97 /* ContentView.swift */,
				5B338CF22750D23000E4EF97 /* Assets.xcassets */,
				5B338CF42750D23000E4EF97 /* Preview Content */,
			);
			path = "Dicey-SwiftUI";
			sourceTree = "<group>";
		};
		5B338CF42750D23000E4EF97 /* Preview Content */ = {
			isa = PBXGroup;
			children = (
				5B338CF52750D23000E4EF97 /* Preview Assets.xcassets */,
			);
			path = "Preview Content";
			sourceTree = "<group>";
		};
		5B338CFE2750D23000E4EF97 /* Dicey-SwiftUITests */ = {
			isa = PBXGroup;
			children = (
				5B338CFF2750D23000E4EF97 /* Dicey_SwiftUITests.swift */,
			);
			path = "Dicey-SwiftUITests";
			sourceTree = "<group>";
		};
		5B338D082750D23000E4EF97 /* Dicey-SwiftUIUITests */ = {
			isa = PBXGroup;
			children = (
				5B338D092750D23000E4EF97 /* Dicey_SwiftUIUITests.swift */,
				5B338D0B2750D23000E4EF97 /* Dicey_SwiftUIUITestsLaunchTests.swift */,
			);
			path = "Dicey-SwiftUIUITests";
			sourceTree = "<group>";
		};
/* End PBXGroup section */

/* Begin PBXNativeTarget section */
		5B338CEA2750D22F00E4EF97 /* Dicey-SwiftUI */ = {
			isa = PBXNativeTarget;
			buildConfigurationList = 5B338D0F2750D23000E4EF97 /* Build configuration list for PBXNativeTarget "Dicey-SwiftUI" */;
			buildPhases = (
				5B338CE72750D22F00E4EF97 /* Sources */,
				5B338CE82750D22F00E4EF97 /* Frameworks */,
				5B338CE92750D22F00E4EF97 /* Resources */,
			);
			buildRules = (
			);
			dependencies = (
			);
			name = "Dicey-SwiftUI";
			productName = "Dicey-SwiftUI";
			productReference = 5B338CEB2750D22F00E4EF97 /* Dicey-SwiftUI.app */;
			productType = "com.apple.product-type.application";
		};
		5B338CFA2750D23000E4EF97 /* Dicey-SwiftUITests */ = {
			isa = PBXNativeTarget;
			buildConfigurationList = 5B338D122750D23000E4EF97 /* Build configuration list for PBXNativeTarget "Dicey-SwiftUITests" */;
			buildPhases = (
				5B338CF72750D23000E4EF97 /* Sources */,
				5B338CF82750D23000E4EF97 /* Frameworks */,
				5B338CF92750D23000E4EF97 /* Resources */,
			);
			buildRules = (
			);
			dependencies = (
				5B338CFD2750D23000E4EF97 /* PBXTargetDependency */,
			);
			name = "Dicey-SwiftUITests";
			productName = "Dicey-SwiftUITests";
			productReference = 5B338CFB2750D23000E4EF97 /* Dicey-SwiftUITests.xctest */;
			productType = "com.apple.product-type.bundle.unit-test";
		};
		5B338D042750D23000E4EF97 /* Dicey-SwiftUIUITests */ = {
			isa = PBXNativeTarget;
			buildConfigurationList = 5B338D152750D23000E4EF97 /* Build configuration list for PBXNativeTarget "Dicey-SwiftUIUITests" */;
			buildPhases = (
				5B338D012750D23000E4EF97 /* Sources */,
				5B338D022750D23000E4EF97 /* Frameworks */,
				5B338D032750D23000E4EF97 /* Resources */,
			);
			buildRules = (
			);
			dependencies = (
				5B338D072750D23000E4EF97 /* PBXTargetDependency */,
			);
			name = "Dicey-SwiftUIUITests";
			productName = "Dicey-SwiftUIUITests";
			productReference = 5B338D052750D23000E4EF97 /* Dicey-SwiftUIUITests.xctest */;
			productType = "com.apple.product-type.bundle.ui-testing";
		};
/* End PBXNativeTarget section */

/* Begin PBXProject section */
		5B338CE32750D22F00E4EF97 /* Project object */ = {
			isa = PBXProject;
			attributes = {
				BuildIndependentTargetsInParallel = 1;
				LastSwiftUpdateCheck = 1310;
				LastUpgradeCheck = 1310;
				TargetAttributes = {
					5B338CEA2750D22F00E4EF97 = {
						CreatedOnToolsVersion = 13.1;
					};
					5B338CFA2750D23000E4EF97 = {
						CreatedOnToolsVersion = 13.1;
						TestTargetID = 5B338CEA2750D22F00E4EF97;
					};
					5B338D042750D23000E4EF97 = {
						CreatedOnToolsVersion = 13.1;
						TestTargetID = 5B338CEA2750D22F00E4EF97;
					};
				};
			};
			buildConfigurationList = 5B338CE62750D22F00E4EF97 /* Build configuration list for PBXProject "Dicey-SwiftUI" */;
			compatibilityVersion = "Xcode 13.0";
			developmentRegion = en;
			hasScannedForEncodings = 0;
			knownRegions = (
				en,
				Base,
			);
			mainGroup = 5B338CE22750D22F00E4EF97;
			productRefGroup = 5B338CEC2750D22F00E4EF97 /* Products */;
			projectDirPath = "";
			projectRoot = "";
			targets = (
				5B338CEA2750D22F00E4EF97 /* Dicey-SwiftUI */,
				5B338CFA2750D23000E4EF97 /* Dicey-SwiftUITests */,
				5B338D042750D23000E4EF97 /* Dicey-SwiftUIUITests */,
			);
		};
/* End PBXProject section */

/* Begin PBXResourcesBuildPhase section */
		5B338CE92750D22F00E4EF97 /* Resources */ = {
			isa = PBXResourcesBuildPhase;
			buildActionMask = 2147483647;
			files = (
				5B338CF62750D23000E4EF97 /* Preview Assets.xcassets in Resources */,
				5B338CF32750D23000E4EF97 /* Assets.xcassets in Resources */,
			);
			runOnlyForDeploymentPostprocessing = 0;
		};
		5B338CF92750D23000E4EF97 /* Resources */ = {
			isa = PBXResourcesBuildPhase;
			buildActionMask = 2147483647;
			files = (
			);
			runOnlyForDeploymentPostprocessing = 0;
		};
		5B338D032750D23000E4EF97 /* Resources */ = {
			isa = PBXResourcesBuildPhase;
			buildActionMask = 2147483647;
			files = (
			);
			runOnlyForDeploymentPostprocessing = 0;
		};
/* End PBXResourcesBuildPhase section */

/* Begin PBXSourcesBuildPhase section */
		5B338CE72750D22F00E4EF97 /* Sources */ = {
			isa = PBXSourcesBuildPhase;
			buildActionMask = 2147483647;
			files = (
				5B338CF12750D22F00E4EF97 /* ContentView.swift in Sources */,
				5B338CEF2750D22F00E4EF97 /* Dicey_SwiftUIApp.swift in Sources */,
			);
			runOnlyForDeploymentPostprocessing = 0;
		};
		5B338CF72750D23000E4EF97 /* Sources */ = {
			isa = PBXSourcesBuildPhase;
			buildActionMask = 2147483647;
			files = (
				5B338D002750D23000E4EF97 /* Dicey_SwiftUITests.swift in Sources */,
			);
			runOnlyForDeploymentPostprocessing = 0;
		};
		5B338D012750D23000E4EF97 /* Sources */ = {
			isa = PBXSourcesBuildPhase;
			buildActionMask = 2147483647;
			files = (
				5B338D0A2750D23000E4EF97 /* Dicey_SwiftUIUITests.swift in Sources */,
				5B338D0C2750D23000E4EF97 /* Dicey_SwiftUIUITestsLaunchTests.swift in Sources */,
			);
			runOnlyForDeploymentPostprocessing = 0;
		};
/* End PBXSourcesBuildPhase section */

/* Begin PBXTargetDependency section */
		5B338CFD2750D23000E4EF97 /* PBXTargetDependency */ = {
			isa = PBXTargetDependency;
			target = 5B338CEA2750D22F00E4EF97 /* Dicey-SwiftUI */;
			targetProxy = 5B338CFC2750D23000E4EF97 /* PBXContainerItemProxy */;
		};
		5B338D072750D23000E4EF97 /* PBXTargetDependency */ = {
			isa = PBXTargetDependency;
			target = 5B338CEA2750D22F00E4EF97 /* Dicey-SwiftUI */;
			targetProxy = 5B338D062750D23000E4EF97 /* PBXContainerItemProxy */;
		};
/* End PBXTargetDependency section */

/* Begin XCBuildConfiguration section */
		5B338D0D2750D23000E4EF97 /* Debug */ = {
			isa = XCBuildConfiguration;
			buildSettings = {
				ALWAYS_SEARCH_USER_PATHS = NO;
				CLANG_ANALYZER_NONNULL = YES;
				CLANG_ANALYZER_NUMBER_OBJECT_CONVERSION = YES_AGGRESSIVE;
				CLANG_CXX_LANGUAGE_STANDARD = "gnu++17";
				CLANG_CXX_LIBRARY = "libc++";
				CLANG_ENABLE_MODULES = YES;
				CLANG_ENABLE_OBJC_ARC = YES;
				CLANG_ENABLE_OBJC_WEAK = YES;
				CLANG_WARN_BLOCK_CAPTURE_AUTORELEASING = YES;
				CLANG_WARN_BOOL_CONVERSION = YES;
				CLANG_WARN_COMMA = YES;
				CLANG_WARN_CONSTANT_CONVERSION = YES;
				CLANG_WARN_DEPRECATED_OBJC_IMPLEMENTATIONS = YES;
				CLANG_WARN_DIRECT_OBJC_ISA_USAGE = YES_ERROR;
				CLANG_WARN_DOCUMENTATION_COMMENTS = YES;
				CLANG_WARN_EMPTY_BODY = YES;
				CLANG_WARN_ENUM_CONVERSION = YES;
				CLANG_WARN_INFINITE_RECURSION = YES;
				CLANG_WARN_INT_CONVERSION = YES;
				CLANG_WARN_NON_LITERAL_NULL_CONVERSION = YES;
				CLANG_WARN_OBJC_IMPLICIT_RETAIN_SELF = YES;
				CLANG_WARN_OBJC_LITERAL_CONVERSION = YES;
				CLANG_WARN_OBJC_ROOT_CLASS = YES_ERROR;
				CLANG_WARN_QUOTED_INCLUDE_IN_FRAMEWORK_HEADER = YES;
				CLANG_WARN_RANGE_LOOP_ANALYSIS = YES;
				CLANG_WARN_STRICT_PROTOTYPES = YES;
				CLANG_WARN_SUSPICIOUS_MOVE = YES;
				CLANG_WARN_UNGUARDED_AVAILABILITY = YES_AGGRESSIVE;
				CLANG_WARN_UNREACHABLE_CODE = YES;
				CLANG_WARN__DUPLICATE_METHOD_MATCH = YES;
				COPY_PHASE_STRIP = NO;
				DEBUG_INFORMATION_FORMAT = dwarf;
				ENABLE_STRICT_OBJC_MSGSEND = YES;
				ENABLE_TESTABILITY = YES;
				GCC_C_LANGUAGE_STANDARD = gnu11;
				GCC_DYNAMIC_NO_PIC = NO;
				GCC_NO_COMMON_BLOCKS = YES;
				GCC_OPTIMIZATION_LEVEL = 0;
				GCC_PREPROCESSOR_DEFINITIONS = (
					"DEBUG=1",
					"$(inherited)",
				);
				GCC_WARN_64_TO_32_BIT_CONVERSION = YES;
				GCC_WARN_ABOUT_RETURN_TYPE = YES_ERROR;
				GCC_WARN_UNDECLARED_SELECTOR = YES;
				GCC_WARN_UNINITIALIZED_AUTOS = YES_AGGRESSIVE;
				GCC_WARN_UNUSED_FUNCTION = YES;
				GCC_WARN_UNUSED_VARIABLE = YES;
				IPHONEOS_DEPLOYMENT_TARGET = 15.0;
				MTL_ENABLE_DEBUG_INFO = INCLUDE_SOURCE;
				MTL_FAST_MATH = YES;
				ONLY_ACTIVE_ARCH = YES;
				SDKROOT = iphoneos;
				SWIFT_ACTIVE_COMPILATION_CONDITIONS = DEBUG;
				SWIFT_OPTIMIZATION_LEVEL = "-Onone";
			};
			name = Debug;
		};
		5B338D0E2750D23000E4EF97 /* Release */ = {
			isa = XCBuildConfiguration;
			buildSettings = {
				ALWAYS_SEARCH_USER_PATHS = NO;
				CLANG_ANALYZER_NONNULL = YES;
				CLANG_ANALYZER_NUMBER_OBJECT_CONVERSION = YES_AGGRESSIVE;
				CLANG_CXX_LANGUAGE_STANDARD = "gnu++17";
				CLANG_CXX_LIBRARY = "libc++";
				CLANG_ENABLE_MODULES = YES;
				CLANG_ENABLE_OBJC_ARC = YES;
				CLANG_ENABLE_OBJC_WEAK = YES;
				CLANG_WARN_BLOCK_CAPTURE_AUTORELEASING = YES;
				CLANG_WARN_BOOL_CONVERSION = YES;
				CLANG_WARN_COMMA = YES;
				CLANG_WARN_CONSTANT_CONVERSION = YES;
				CLANG_WARN_DEPRECATED_OBJC_IMPLEMENTATIONS = YES;
				CLANG_WARN_DIRECT_OBJC_ISA_USAGE = YES_ERROR;
				CLANG_WARN_DOCUMENTATION_COMMENTS = YES;
				CLANG_WARN_EMPTY_BODY = YES;
				CLANG_WARN_ENUM_CONVERSION = YES;
				CLANG_WARN_INFINITE_RECURSION = YES;
				CLANG_WARN_INT_CONVERSION = YES;
				CLANG_WARN_NON_LITERAL_NULL_CONVERSION = YES;
				CLANG_WARN_OBJC_IMPLICIT_RETAIN_SELF = YES;
				CLANG_WARN_OBJC_LITERAL_CONVERSION = YES;
				CLANG_WARN_OBJC_ROOT_CLASS = YES_ERROR;
				CLANG_WARN_QUOTED_INCLUDE_IN_FRAMEWORK_HEADER = YES;
				CLANG_WARN_RANGE_LOOP_ANALYSIS = YES;
				CLANG_WARN_STRICT_PROTOTYPES = YES;
				CLANG_WARN_SUSPICIOUS_MOVE = YES;
				CLANG_WARN_UNGUARDED_AVAILABILITY = YES_AGGRESSIVE;
				CLANG_WARN_UNREACHABLE_CODE = YES;
				CLANG_WARN__DUPLICATE_METHOD_MATCH = YES;
				COPY_PHASE_STRIP = NO;
				DEBUG_INFORMATION_FORMAT = "dwarf-with-dsym";
				ENABLE_NS_ASSERTIONS = NO;
				ENABLE_STRICT_OBJC_MSGSEND = YES;
				GCC_C_LANGUAGE_STANDARD = gnu11;
				GCC_NO_COMMON_BLOCKS = YES;
				GCC_WARN_64_TO_32_BIT_CONVERSION = YES;
				GCC_WARN_ABOUT_RETURN_TYPE = YES_ERROR;
				GCC_WARN_UNDECLARED_SELECTOR = YES;
				GCC_WARN_UNINITIALIZED_AUTOS = YES_AGGRESSIVE;
				GCC_WARN_UNUSED_FUNCTION = YES;
				GCC_WARN_UNUSED_VARIABLE = YES;
				IPHONEOS_DEPLOYMENT_TARGET = 15.0;
				MTL_ENABLE_DEBUG_INFO = NO;
				MTL_FAST_MATH = YES;
				SDKROOT = iphoneos;
				SWIFT_COMPILATION_MODE = wholemodule;
				SWIFT_OPTIMIZATION_LEVEL = "-O";
				VALIDATE_PRODUCT = YES;
			};
			name = Release;
		};
		5B338D102750D23000E4EF97 /* Debug */ = {
			isa = XCBuildConfiguration;
			buildSettings = {
				ASSETCATALOG_COMPILER_APPICON_NAME = AppIcon;
				ASSETCATALOG_COMPILER_GLOBAL_ACCENT_COLOR_NAME = AccentColor;
				CODE_SIGN_STYLE = Automatic;
				CURRENT_PROJECT_VERSION = 1;
				DEVELOPMENT_ASSET_PATHS = "\"Dicey-SwiftUI/Preview Content\"";
				DEVELOPMENT_TEAM = WL84M4B86K;
				ENABLE_PREVIEWS = YES;
				GENERATE_INFOPLIST_FILE = YES;
				INFOPLIST_KEY_UIApplicationSceneManifest_Generation = YES;
				INFOPLIST_KEY_UIApplicationSupportsIndirectInputEvents = YES;
				INFOPLIST_KEY_UILaunchScreen_Generation = YES;
				INFOPLIST_KEY_UISupportedInterfaceOrientations_iPad = "UIInterfaceOrientationPortrait UIInterfaceOrientationPortraitUpsideDown UIInterfaceOrientationLandscapeLeft UIInterfaceOrientationLandscapeRight";
				INFOPLIST_KEY_UISupportedInterfaceOrientations_iPhone = "UIInterfaceOrientationPortrait UIInterfaceOrientationLandscapeLeft UIInterfaceOrientationLandscapeRight";
				LD_RUNPATH_SEARCH_PATHS = (
					"$(inherited)",
					"@executable_path/Frameworks",
				);
				MARKETING_VERSION = 1.0;
				PRODUCT_BUNDLE_IDENTIFIER = "com.absarrahman.Dicey-SwiftUI";
				PRODUCT_NAME = "$(TARGET_NAME)";
				SWIFT_EMIT_LOC_STRINGS = YES;
				SWIFT_VERSION = 5.0;
				TARGETED_DEVICE_FAMILY = "1,2";
			};
			name = Debug;
		};
		5B338D112750D23000E4EF97 /* Release */ = {
			isa = XCBuildConfiguration;
			buildSettings = {
				ASSETCATALOG_COMPILER_APPICON_NAME = AppIcon;
				ASSETCATALOG_COMPILER_GLOBAL_ACCENT_COLOR_NAME = AccentColor;
				CODE_SIGN_STYLE = Automatic;
				CURRENT_PROJECT_VERSION = 1;
				DEVELOPMENT_ASSET_PATHS = "\"Dicey-SwiftUI/Preview Content\"";
				DEVELOPMENT_TEAM = WL84M4B86K;
				ENABLE_PREVIEWS = YES;
				GENERATE_INFOPLIST_FILE = YES;
				INFOPLIST_KEY_UIApplicationSceneManifest_Generation = YES;
				INFOPLIST_KEY_UIApplicationSupportsIndirectInputEvents = YES;
				INFOPLIST_KEY_UILaunchScreen_Generation = YES;
				INFOPLIST_KEY_UISupportedInterfaceOrientations_iPad = "UIInterfaceOrientationPortrait UIInterfaceOrientationPortraitUpsideDown UIInterfaceOrientationLandscapeLeft UIInterfaceOrientationLandscapeRight";
				INFOPLIST_KEY_UISupportedInterfaceOrientations_iPhone = "UIInterfaceOrientationPortrait UIInterfaceOrientationLandscapeLeft UIInterfaceOrientationLandscapeRight";
				LD_RUNPATH_SEARCH_PATHS = (
					"$(inherited)",
					"@executable_path/Frameworks",
				);
				MARKETING_VERSION = 1.0;
				PRODUCT_BUNDLE_IDENTIFIER = "com.absarrahman.Dicey-SwiftUI";
				PRODUCT_NAME = "$(TARGET_NAME)";
				SWIFT_EMIT_LOC_STRINGS = YES;
				SWIFT_VERSION = 5.0;
				TARGETED_DEVICE_FAMILY = "1,2";
			};
			name = Release;
		};
		5B338D132750D23000E4EF97 /* Debug */ = {
			isa = XCBuildConfiguration;
			buildSettings = {
				ALWAYS_EMBED_SWIFT_STANDARD_LIBRARIES = YES;
				BUNDLE_LOADER = "$(TEST_HOST)";
				CODE_SIGN_STYLE = Automatic;
				CURRENT_PROJECT_VERSION = 1;
				DEVELOPMENT_TEAM = WL84M4B86K;
				GENERATE_INFOPLIST_FILE = YES;
				IPHONEOS_DEPLOYMENT_TARGET = 15.0;
				LD_RUNPATH_SEARCH_PATHS = (
					"$(inherited)",
					"@executable_path/Frameworks",
					"@loader_path/Frameworks",
				);
				MARKETING_VERSION = 1.0;
				PRODUCT_BUNDLE_IDENTIFIER = "com.absarrahman.Dicey-SwiftUITests";
				PRODUCT_NAME = "$(TARGET_NAME)";
				SWIFT_EMIT_LOC_STRINGS = NO;
				SWIFT_VERSION = 5.0;
				TARGETED_DEVICE_FAMILY = "1,2";
				TEST_HOST = "$(BUILT_PRODUCTS_DIR)/Dicey-SwiftUI.app/Dicey-SwiftUI";
			};
			name = Debug;
		};
		5B338D142750D23000E4EF97 /* Release */ = {
			isa = XCBuildConfiguration;
			buildSettings = {
				ALWAYS_EMBED_SWIFT_STANDARD_LIBRARIES = YES;
				BUNDLE_LOADER = "$(TEST_HOST)";
				CODE_SIGN_STYLE = Automatic;
				CURRENT_PROJECT_VERSION = 1;
				DEVELOPMENT_TEAM = WL84M4B86K;
				GENERATE_INFOPLIST_FILE = YES;
				IPHONEOS_DEPLOYMENT_TARGET = 15.0;
				LD_RUNPATH_SEARCH_PATHS = (
					"$(inherited)",
					"@executable_path/Frameworks",
					"@loader_path/Frameworks",
				);
				MARKETING_VERSION = 1.0;
				PRODUCT_BUNDLE_IDENTIFIER = "com.absarrahman.Dicey-SwiftUITests";
				PRODUCT_NAME = "$(TARGET_NAME)";
				SWIFT_EMIT_LOC_STRINGS = NO;
				SWIFT_VERSION = 5.0;
				TARGETED_DEVICE_FAMILY = "1,2";
				TEST_HOST = "$(BUILT_PRODUCTS_DIR)/Dicey-SwiftUI.app/Dicey-SwiftUI";
			};
			name = Release;
		};
		5B338D162750D23000E4EF97 /* Debug */ = {
			isa = XCBuildConfiguration;
			buildSettings = {
				ALWAYS_EMBED_SWIFT_STANDARD_LIBRARIES = YES;
				CODE_SIGN_STYLE = Automatic;
				CURRENT_PROJECT_VERSION = 1;
				DEVELOPMENT_TEAM = WL84M4B86K;
				GENERATE_INFOPLIST_FILE = YES;
				LD_RUNPATH_SEARCH_PATHS = (
					"$(inherited)",
					"@executable_path/Frameworks",
					"@loader_path/Frameworks",
				);
				MARKETING_VERSION = 1.0;
				PRODUCT_BUNDLE_IDENTIFIER = "com.absarrahman.Dicey-SwiftUIUITests";
				PRODUCT_NAME = "$(TARGET_NAME)";
				SWIFT_EMIT_LOC_STRINGS = NO;
				SWIFT_VERSION = 5.0;
				TARGETED_DEVICE_FAMILY = "1,2";
				TEST_TARGET_NAME = "Dicey-SwiftUI";
			};
			name = Debug;
		};
		5B338D172750D23000E4EF97 /* Release */ = {
			isa = XCBuildConfiguration;
			buildSettings = {
				ALWAYS_EMBED_SWIFT_STANDARD_LIBRARIES = YES;
				CODE_SIGN_STYLE = Automatic;
				CURRENT_PROJECT_VERSION = 1;
				DEVELOPMENT_TEAM = WL84M4B86K;
				GENERATE_INFOPLIST_FILE = YES;
				LD_RUNPATH_SEARCH_PATHS = (
					"$(inherited)",
					"@executable_path/Frameworks",
					"@loader_path/Frameworks",
				);
				MARKETING_VERSION = 1.0;
				PRODUCT_BUNDLE_IDENTIFIER = "com.absarrahman.Dicey-SwiftUIUITests";
				PRODUCT_NAME = "$(TARGET_NAME)";
				SWIFT_EMIT_LOC_STRINGS = NO;
				SWIFT_VERSION = 5.0;
				TARGETED_DEVICE_FAMILY = "1,2";
				TEST_TARGET_NAME = "Dicey-SwiftUI";
			};
			name = Release;
		};
/* End XCBuildConfiguration section */

/* Begin XCConfigurationList section */
		5B338CE62750D22F00E4EF97 /* Build configuration list for PBXProject "Dicey-SwiftUI" */ = {
			isa = XCConfigurationList;
			buildConfigurations = (
				5B338D0D2750D23000E4EF97 /* Debug */,
				5B338D0E2750D23000E4EF97 /* Release */,
			);
			defaultConfigurationIsVisible = 0;
			defaultConfigurationName = Release;
		};
		5B338D0F2750D23000E4EF97 /* Build configuration list for PBXNativeTarget "Dicey-SwiftUI" */ = {
			isa = XCConfigurationList;
			buildConfigurations = (
				5B338D102750D23000E4EF97 /* Debug */,
				5B338D112750D23000E4EF97 /* Release */,
			);
			defaultConfigurationIsVisible = 0;
			defaultConfigurationName = Release;
		};
		5B338D122750D23000E4EF97 /* Build configuration list for PBXNativeTarget "Dicey-SwiftUITests" */ = {
			isa = XCConfigurationList;
			buildConfigurations = (
				5B338D132750D23000E4EF97 /* Debug */,
				5B338D142750D23000E4EF97 /* Release */,
			);
			defaultConfigurationIsVisible = 0;
			defaultConfigurationName = Release;
		};
		5B338D152750D23000E4EF97 /* Build configuration list for PBXNativeTarget "Dicey-SwiftUIUITests" */ = {
			isa = XCConfigurationList;
			buildConfigurations = (
				5B338D162750D23000E4EF97 /* Debug */,
				5B338D172750D23000E4EF97 /* Release */,
			);
			defaultConfigurationIsVisible = 0;
			defaultConfigurationName = Release;
		};
/* End XCConfigurationList section */
	};
	rootObject = 5B338CE32750D22F00E4EF97 /* Project object */;
}
